
Microsoft Visual Studio Solution File, Format Version 12.00
# Visual Studio 15
VisualStudioVersion = 15.0.26730.16
MinimumVisualStudioVersion = 10.0.40219.1
Project("{FAE04EC0-301F-11D3-BF4B-00C04F79EFBC}") = "FodyPoc", "FodyPoc\FodyPoc.csproj", "{92C45303-3847-4DDC-966D-5B34B54115FD}"
EndProject
Global
	GlobalSection(SolutionConfigurationPlatforms) = preSolution
		Debug|Any CPU = Debug|Any CPU
		Release|Any CPU = Release|Any CPU
	EndGlobalSection
	GlobalSection(ProjectConfigurationPlatforms) = postSolution
		{92C45303-3847-4DDC-966D-5B34B54115FD}.Debug|Any CPU.ActiveCfg = Debug|Any CPU
		{92C45303-3847-4DDC-966D-5B34B54115FD}.Debug|Any CPU.Build.0 = Debug|Any CPU
		{92C45303-3847-4DDC-966D-5B34B54115FD}.Release|Any CPU.ActiveCfg = Release|Any CPU
		{92C45303-3847-4DDC-966D-5B34B54115FD}.Release|Any CPU.Build.0 = Release|Any CPU
	EndGlobalSection
	GlobalSection(SolutionProperties) = preSolution
		HideSolutionNode = FALSE
	EndGlobalSection
	GlobalSection(ExtensibilityGlobals) = postSolution
		SolutionGuid = {196BBCE4-7948-4C60-8721-C8535CF90150}
	EndGlobalSection
EndGlobal
